
Microsoft Visual Studio Solution File, Format Version 12.00
# Visual Studio 15
VisualStudioVersion = 15.0.28307.572
MinimumVisualStudioVersion = 10.0.40219.1
Project("{FAE04EC0-301F-11D3-BF4B-00C04F79EFBC}") = "Meliogis", "Meliogis\Meliogis.csproj", "{0C3410E9-EA8E-494A-A4A2-45D76044FA8E}"
EndProject
Global
	GlobalSection(SolutionConfigurationPlatforms) = preSolution
		Debug|Any CPU = Debug|Any CPU
		Release|Any CPU = Release|Any CPU
	EndGlobalSection
	GlobalSection(ProjectConfigurationPlatforms) = postSolution
		{0C3410E9-EA8E-494A-A4A2-45D76044FA8E}.Debug|Any CPU.ActiveCfg = Debug|Any CPU
		{0C3410E9-EA8E-494A-A4A2-45D76044FA8E}.Debug|Any CPU.Build.0 = Debug|Any CPU
		{0C3410E9-EA8E-494A-A4A2-45D76044FA8E}.Release|Any CPU.ActiveCfg = Release|Any CPU
		{0C3410E9-EA8E-494A-A4A2-45D76044FA8E}.Release|Any CPU.Build.0 = Release|Any CPU
	EndGlobalSection
	GlobalSection(SolutionProperties) = preSolution
		HideSolutionNode = FALSE
	EndGlobalSection
	GlobalSection(ExtensibilityGlobals) = postSolution
		SolutionGuid = {045F05D9-4DC4-43BC-9570-758365EED317}
	EndGlobalSection
EndGlobal
